lockfileVersion: '9.0'

settings:
  autoInstallPeers: true
  excludeLinksFromLockfile: false

importers:

  .:
    dependencies:
      ts-playground:
        specifier: 'file:'
        version: 'file:'

packages:

  'ts-playground@file:':
    resolution: {directory: '', type: directory}

snapshots:

  'ts-playground@file:': {}
